
Microsoft Visual Studio Solution File, Format Version 12.00
# Visual Studio Version 17
VisualStudioVersion = 17.4.33213.308
MinimumVisualStudioVersion = 10.0.40219.1
Project("{9A19103F-16F7-4668-BE54-9A1E7A4F7556}") = "Projekt_PZ", "Projekt_PZ.csproj", "{6F303396-EEAD-4E1D-8C2E-28FD308B05F6}"
	ProjectSection(ProjectDependencies) = postProject
		{FDBAE0B0-F9C6-43ED-AF8D-8C23318A8C97} = {FDBAE0B0-F9C6-43ED-AF8D-8C23318A8C97}
	EndProjectSection
EndProject
Project("{9A19103F-16F7-4668-BE54-9A1E7A4F7556}") = "EkwipunekRPG", "..\EkwipunekRPG-master\EkwipunekRPG\EkwipunekRPG.csproj", "{FDBAE0B0-F9C6-43ED-AF8D-8C23318A8C97}"
EndProject
Global
	GlobalSection(SolutionConfigurationPlatforms) = preSolution
		Debug|Any CPU = Debug|Any CPU
		Release|Any CPU = Release|Any CPU
	EndGlobalSection
	GlobalSection(ProjectConfigurationPlatforms) = postSolution
		{6F303396-EEAD-4E1D-8C2E-28FD308B05F6}.Debug|Any CPU.ActiveCfg = Debug|Any CPU
		{6F303396-EEAD-4E1D-8C2E-28FD308B05F6}.Debug|Any CPU.Build.0 = Debug|Any CPU
		{6F303396-EEAD-4E1D-8C2E-28FD308B05F6}.Release|Any CPU.ActiveCfg = Release|Any CPU
		{6F303396-EEAD-4E1D-8C2E-28FD308B05F6}.Release|Any CPU.Build.0 = Release|Any CPU
		{FDBAE0B0-F9C6-43ED-AF8D-8C23318A8C97}.Debug|Any CPU.ActiveCfg = Debug|Any CPU
		{FDBAE0B0-F9C6-43ED-AF8D-8C23318A8C97}.Debug|Any CPU.Build.0 = Debug|Any CPU
		{FDBAE0B0-F9C6-43ED-AF8D-8C23318A8C97}.Release|Any CPU.ActiveCfg = Release|Any CPU
		{FDBAE0B0-F9C6-43ED-AF8D-8C23318A8C97}.Release|Any CPU.Build.0 = Release|Any CPU
	EndGlobalSection
	GlobalSection(SolutionProperties) = preSolution
		HideSolutionNode = FALSE
	EndGlobalSection
	GlobalSection(ExtensibilityGlobals) = postSolution
		SolutionGuid = {B19619A1-EB1F-4928-8862-DE2C18C4E7B3}
	EndGlobalSection
EndGlobal
